// !$*UTF8*$!
{
	archiveVersion = 1;
	classes = {
	};
	objectVersion = 45;
	objects = {

/* Begin PBXBuildFile section */
		000203AD0F8EA50600EC31BA /* example.json in Resources */ = {isa = PBXBuildFile; fileRef = 000203AC0F8EA50600EC31BA /* example.json */; };
		0016AEC91012A11B009F4F8F /* GHTestOnMainThread.m in Sources */ = {isa = PBXBuildFile; fileRef = 0016AEC81012A11B009F4F8F /* GHTestOnMainThread.m */; };
		0020570C0F945D2700FC1898 /* GHNSLocale+Mock.h in Headers */ = {isa = PBXBuildFile; fileRef = 002057080F945D2700FC1898 /* GHNSLocale+Mock.h */; settings = {ATTRIBUTES = (Public, ); }; };
		0020570D0F945D2700FC1898 /* GHNSLocale+Mock.m in Sources */ = {isa = PBXBuildFile; fileRef = 002057090F945D2700FC1898 /* GHNSLocale+Mock.m */; };
		002058510F9467F900FC1898 /* GHUNSObject+Swizzle.h in Headers */ = {isa = PBXBuildFile; fileRef = 0020584F0F9467F900FC1898 /* GHUNSObject+Swizzle.h */; settings = {ATTRIBUTES = (Public, ); }; };
		002058520F9467F900FC1898 /* GHUNSObject+Swizzle.m in Sources */ = {isa = PBXBuildFile; fileRef = 002058500F9467F900FC1898 /* GHUNSObject+Swizzle.m */; };
		002D9C0A0F49158F007932FE /* GHTest.h in Headers */ = {isa = PBXBuildFile; fileRef = 002D9BD80F49158F007932FE /* GHTest.h */; settings = {ATTRIBUTES = (Public, ); }; };
		002D9C0B0F49158F007932FE /* GHTest.m in Sources */ = {isa = PBXBuildFile; fileRef = 002D9BD90F49158F007932FE /* GHTest.m */; };
		002D9C0C0F49158F007932FE /* GHTestCase.h in Headers */ = {isa = PBXBuildFile; fileRef = 002D9BDA0F49158F007932FE /* GHTestCase.h */; settings = {ATTRIBUTES = (Public, ); }; };
		002D9C0D0F49158F007932FE /* GHTestCase.m in Sources */ = {isa = PBXBuildFile; fileRef = 002D9BDB0F49158F007932FE /* GHTestCase.m */; };
		002D9C0E0F49158F007932FE /* GHTestGroup.h in Headers */ = {isa = PBXBuildFile; fileRef = 002D9BDC0F49158F007932FE /* GHTestGroup.h */; settings = {ATTRIBUTES = (Public, ); }; };
		002D9C0F0F49158F007932FE /* GHTestGroup.m in Sources */ = {isa = PBXBuildFile; fileRef = 002D9BDD0F49158F007932FE /* GHTestGroup.m */; };
		002D9C100F49158F007932FE /* GHTestMacros.h in Headers */ = {isa = PBXBuildFile; fileRef = 002D9BDE0F49158F007932FE /* GHTestMacros.h */; settings = {ATTRIBUTES = (Public, ); }; };
		002D9C120F49158F007932FE /* GHTestRunner.h in Headers */ = {isa = PBXBuildFile; fileRef = 002D9BE00F49158F007932FE /* GHTestRunner.h */; settings = {ATTRIBUTES = (Public, ); }; };
		002D9C130F49158F007932FE /* GHTestRunner.m in Sources */ = {isa = PBXBuildFile; fileRef = 002D9BE10F49158F007932FE /* GHTestRunner.m */; };
		002D9C140F49158F007932FE /* GHTestSuite.h in Headers */ = {isa = PBXBuildFile; fileRef = 002D9BE20F49158F007932FE /* GHTestSuite.h */; settings = {ATTRIBUTES = (Public, ); }; };
		002D9C150F49158F007932FE /* GHTestSuite.m in Sources */ = {isa = PBXBuildFile; fileRef = 002D9BE30F49158F007932FE /* GHTestSuite.m */; };
		002D9C160F49158F007932FE /* GHTesting.h in Headers */ = {isa = PBXBuildFile; fileRef = 002D9BE40F49158F007932FE /* GHTesting.h */; settings = {ATTRIBUTES = (Public, ); }; };
		002D9C170F49158F007932FE /* GHTesting.m in Sources */ = {isa = PBXBuildFile; fileRef = 002D9BE50F49158F007932FE /* GHTesting.m */; };
		002D9C180F49158F007932FE /* GHUnit.h in Headers */ = {isa = PBXBuildFile; fileRef = 002D9BE60F49158F007932FE /* GHUnit.h */; settings = {ATTRIBUTES = (Public, ); }; };
		002D9C190F49158F007932FE /* GHTestViewModel.h in Headers */ = {isa = PBXBuildFile; fileRef = 002D9BE80F49158F007932FE /* GHTestViewModel.h */; settings = {ATTRIBUTES = (Public, ); }; };
		002D9C1A0F49158F007932FE /* GHTestViewModel.m in Sources */ = {isa = PBXBuildFile; fileRef = 002D9BE90F49158F007932FE /* GHTestViewModel.m */; };
		002D9C1B0F49158F007932FE /* GHTestApp.h in Headers */ = {isa = PBXBuildFile; fileRef = 002D9BEC0F49158F007932FE /* GHTestApp.h */; settings = {ATTRIBUTES = (Public, ); }; };
		002D9C1C0F49158F007932FE /* GHTestApp.m in Sources */ = {isa = PBXBuildFile; fileRef = 002D9BED0F49158F007932FE /* GHTestApp.m */; };
		002D9C1D0F49158F007932FE /* GHTestApp.xib in Resources */ = {isa = PBXBuildFile; fileRef = 002D9BEE0F49158F007932FE /* GHTestApp.xib */; };
		002D9C200F49158F007932FE /* GHTestView.xib in Resources */ = {isa = PBXBuildFile; fileRef = 002D9BF10F49158F007932FE /* GHTestView.xib */; };
		002D9C210F49158F007932FE /* GHTestViewController.h in Headers */ = {isa = PBXBuildFile; fileRef = 002D9BF20F49158F007932FE /* GHTestViewController.h */; settings = {ATTRIBUTES = (Public, ); }; };
		002D9C220F49158F007932FE /* GHTestViewController.m in Sources */ = {isa = PBXBuildFile; fileRef = 002D9BF30F49158F007932FE /* GHTestViewController.m */; };
		002D9C230F49158F007932FE /* GHTestWindow.xib in Resources */ = {isa = PBXBuildFile; fileRef = 002D9BF40F49158F007932FE /* GHTestWindow.xib */; };
		002D9C240F49158F007932FE /* GHTestWindowController.h in Headers */ = {isa = PBXBuildFile; fileRef = 002D9BF50F49158F007932FE /* GHTestWindowController.h */; settings = {ATTRIBUTES = (Public, ); }; };
		002D9C250F49158F007932FE /* GHTestWindowController.m in Sources */ = {isa = PBXBuildFile; fileRef = 002D9BF60F49158F007932FE /* GHTestWindowController.m */; };
		002D9C280F49158F007932FE /* GHNSInvocation+Utils.h in Headers */ = {isa = PBXBuildFile; fileRef = 002D9BFB0F49158F007932FE /* GHNSInvocation+Utils.h */; settings = {ATTRIBUTES = (Public, ); }; };
		002D9C290F49158F007932FE /* GHNSInvocation+Utils.m in Sources */ = {isa = PBXBuildFile; fileRef = 002D9BFC0F49158F007932FE /* GHNSInvocation+Utils.m */; };
		002D9C2A0F49158F007932FE /* GHNSObject+Invocation.h in Headers */ = {isa = PBXBuildFile; fileRef = 002D9BFD0F49158F007932FE /* GHNSObject+Invocation.h */; settings = {ATTRIBUTES = (Public, ); }; };
		002D9C2B0F49158F007932FE /* GHNSObject+Invocation.m in Sources */ = {isa = PBXBuildFile; fileRef = 002D9BFE0F49158F007932FE /* GHNSObject+Invocation.m */; };
		002D9C2F0F49158F007932FE /* GTMObjC2Runtime.h in Headers */ = {isa = PBXBuildFile; fileRef = 002D9C040F49158F007932FE /* GTMObjC2Runtime.h */; settings = {ATTRIBUTES = (); }; };
		002D9C300F49158F007932FE /* GTMObjC2Runtime.m in Sources */ = {isa = PBXBuildFile; fileRef = 002D9C050F49158F007932FE /* GTMObjC2Runtime.m */; };
		002D9C310F49158F007932FE /* GTMStackTrace.h in Headers */ = {isa = PBXBuildFile; fileRef = 002D9C060F49158F007932FE /* GTMStackTrace.h */; settings = {ATTRIBUTES = (Public, ); }; };
		002D9C320F49158F007932FE /* GTMStackTrace.m in Sources */ = {isa = PBXBuildFile; fileRef = 002D9C070F49158F007932FE /* GTMStackTrace.m */; };
		002D9C330F49158F007932FE /* GTMDefines.h in Headers */ = {isa = PBXBuildFile; fileRef = 002D9C080F49158F007932FE /* GTMDefines.h */; settings = {ATTRIBUTES = (); }; };
		002E73BF0F2C219600427636 /* GHSenTestingTest.m in Sources */ = {isa = PBXBuildFile; fileRef = 00970A2F0F2836CE00189A9D /* GHSenTestingTest.m */; };
		002E73C00F2C219600427636 /* GHSetUpTearDownTest.m in Sources */ = {isa = PBXBuildFile; fileRef = 009DD7A60F26EC6C0058A2B0 /* GHSetUpTearDownTest.m */; };
		002E73C70F2C21B200427636 /* GHUnit.framework in Frameworks */ = {isa = PBXBuildFile; fileRef = 8DC2EF5B0486A6940098B216 /* GHUnit.framework */; };
		002E73D50F2C21DE00427636 /* SenTestingKit.framework in Frameworks */ = {isa = PBXBuildFile; fileRef = 00970A550F28397F00189A9D /* SenTestingKit.framework */; };
		002E74870F2C2B3100427636 /* GHSlowTest.m in Sources */ = {isa = PBXBuildFile; fileRef = 002E74860F2C2B3100427636 /* GHSlowTest.m */; };
		003676940F8E95CF0042FAF7 /* GHMockNSURLConnection.h in Headers */ = {isa = PBXBuildFile; fileRef = 003676920F8E95CF0042FAF7 /* GHMockNSURLConnection.h */; settings = {ATTRIBUTES = (Public, ); }; };
		003676950F8E95CF0042FAF7 /* GHMockNSURLConnection.m in Sources */ = {isa = PBXBuildFile; fileRef = 003676930F8E95CF0042FAF7 /* GHMockNSURLConnection.m */; };
		003676980F8E976A0042FAF7 /* GHMockNSHTTPURLResponse.h in Headers */ = {isa = PBXBuildFile; fileRef = 003676960F8E976A0042FAF7 /* GHMockNSHTTPURLResponse.h */; settings = {ATTRIBUTES = (Public, ); }; };
		003676990F8E976A0042FAF7 /* GHMockNSHTTPURLResponse.m in Sources */ = {isa = PBXBuildFile; fileRef = 003676970F8E976A0042FAF7 /* GHMockNSHTTPURLResponse.m */; };
		0052DE940FFEDC3800EDB178 /* BWSplitView.h in Headers */ = {isa = PBXBuildFile; fileRef = 0052DE8A0FFEDC3800EDB178 /* BWSplitView.h */; settings = {ATTRIBUTES = (Public, ); }; };
		0052DE950FFEDC3800EDB178 /* BWSplitView.m in Sources */ = {isa = PBXBuildFile; fileRef = 0052DE8B0FFEDC3800EDB178 /* BWSplitView.m */; };
		0052DEBA0FFEDC8300EDB178 /* NSColor+BWAdditions.h in Headers */ = {isa = PBXBuildFile; fileRef = 0052DEA80FFEDC8300EDB178 /* NSColor+BWAdditions.h */; settings = {ATTRIBUTES = (); }; };
		0052DEBB0FFEDC8300EDB178 /* NSColor+BWAdditions.m in Sources */ = {isa = PBXBuildFile; fileRef = 0052DEA90FFEDC8300EDB178 /* NSColor+BWAdditions.m */; };
		0052DEBD0FFEDC8300EDB178 /* NSEvent+BWAdditions.h in Headers */ = {isa = PBXBuildFile; fileRef = 0052DEAB0FFEDC8300EDB178 /* NSEvent+BWAdditions.h */; settings = {ATTRIBUTES = (); }; };
		0052DEBE0FFEDC8300EDB178 /* NSEvent+BWAdditions.m in Sources */ = {isa = PBXBuildFile; fileRef = 0052DEAC0FFEDC8300EDB178 /* NSEvent+BWAdditions.m */; };
		0052DEFF0FFEDEBD00EDB178 /* GradientSplitViewDimpleBitmap.tif in Resources */ = {isa = PBXBuildFile; fileRef = 0052DEFD0FFEDEBD00EDB178 /* GradientSplitViewDimpleBitmap.tif */; };
		0052DF000FFEDEBD00EDB178 /* GradientSplitViewDimpleVector.pdf in Resources */ = {isa = PBXBuildFile; fileRef = 0052DEFE0FFEDEBD00EDB178 /* GradientSplitViewDimpleVector.pdf */; };
		005FDD220F33D259006B369F /* GTMSenTestCase.m in Sources */ = {isa = PBXBuildFile; fileRef = 005FDD210F33D259006B369F /* GTMSenTestCase.m */; };
		005FDD390F33D373006B369F /* GHGTMTestCaseTest.m in Sources */ = {isa = PBXBuildFile; fileRef = 005FDD190F33D0F8006B369F /* GHGTMTestCaseTest.m */; };
		00772F8C0F8D7A6400586577 /* GHAsyncTestCase.h in Headers */ = {isa = PBXBuildFile; fileRef = 00772F8A0F8D7A6400586577 /* GHAsyncTestCase.h */; settings = {ATTRIBUTES = (Public, ); }; };
		00772F8D0F8D7A6400586577 /* GHAsyncTestCase.m in Sources */ = {isa = PBXBuildFile; fileRef = 00772F8B0F8D7A6400586577 /* GHAsyncTestCase.m */; };
		0091B12B100EEE9B000B8C77 /* GHTestFail.m in Sources */ = {isa = PBXBuildFile; fileRef = 0091B12A100EEE9B000B8C77 /* GHTestFail.m */; };
		00A22E7E102214FA00337F7B /* GHTestMacrosTest.m in Sources */ = {isa = PBXBuildFile; fileRef = 00A22E7D102214FA00337F7B /* GHTestMacrosTest.m */; };
		00A9540A0FDC7539006A80A6 /* GHNSInvocationProxy.h in Headers */ = {isa = PBXBuildFile; fileRef = 00A954080FDC7539006A80A6 /* GHNSInvocationProxy.h */; settings = {ATTRIBUTES = (Public, ); }; };
		00A9540B0FDC7539006A80A6 /* GHNSInvocationProxy.m in Sources */ = {isa = PBXBuildFile; fileRef = 00A954090FDC7539006A80A6 /* GHNSInvocationProxy.m */; };
		00AF0E3A0F2C4D47009F0ABA /* SenTestingKit.framework in CopyFiles */ = {isa = PBXBuildFile; fileRef = 00970A550F28397F00189A9D /* SenTestingKit.framework */; };
		00B7BC5E10796C490005897B /* NSException+GHTestFailureExceptions.h in Headers */ = {isa = PBXBuildFile; fileRef = 00B7BC5A10796C490005897B /* NSException+GHTestFailureExceptions.h */; settings = {ATTRIBUTES = (Public, ); }; };
		00B7BC5F10796C490005897B /* NSException+GHTestFailureExceptions.m in Sources */ = {isa = PBXBuildFile; fileRef = 00B7BC5B10796C490005897B /* NSException+GHTestFailureExceptions.m */; };
		00B7BC6010796C490005897B /* NSValue+GHValueFormatter.h in Headers */ = {isa = PBXBuildFile; fileRef = 00B7BC5C10796C490005897B /* NSValue+GHValueFormatter.h */; settings = {ATTRIBUTES = (Public, ); }; };
		00B7BC6110796C490005897B /* NSValue+GHValueFormatter.m in Sources */ = {isa = PBXBuildFile; fileRef = 00B7BC5D10796C490005897B /* NSValue+GHValueFormatter.m */; };
		00CDDBC41011576E00F5C4D5 /* GHTestOutlineViewModel.h in Headers */ = {isa = PBXBuildFile; fileRef = 00CDDBC21011576E00F5C4D5 /* GHTestOutlineViewModel.h */; settings = {ATTRIBUTES = (Public, ); }; };
		00CDDBC51011576E00F5C4D5 /* GHTestOutlineViewModel.m in Sources */ = {isa = PBXBuildFile; fileRef = 00CDDBC31011576E00F5C4D5 /* GHTestOutlineViewModel.m */; };
		00CDDCC10F75D6970089C60E /* GHRegisterTestCaseClassTest.m in Sources */ = {isa = PBXBuildFile; fileRef = 00CDDCC00F75D6970089C60E /* GHRegisterTestCaseClassTest.m */; };
		00CDDCE00F76F7730089C60E /* GHSpecialTestCase.m in Sources */ = {isa = PBXBuildFile; fileRef = 00CDDCDF0F76F7730089C60E /* GHSpecialTestCase.m */; };
		00CDDD300F76FABD0089C60E /* GHUnitTestMain.m in Sources */ = {isa = PBXBuildFile; fileRef = 00C1A2BE0F52813200FCCA14 /* GHUnitTestMain.m */; };
		00D54B3610E4B88E00EE05E3 /* BWHyperlinkButton.h in Headers */ = {isa = PBXBuildFile; fileRef = 00D54B3210E4B88E00EE05E3 /* BWHyperlinkButton.h */; };
		00D54B3710E4B88E00EE05E3 /* BWHyperlinkButton.m in Sources */ = {isa = PBXBuildFile; fileRef = 00D54B3310E4B88E00EE05E3 /* BWHyperlinkButton.m */; };
		00D54B3810E4B88E00EE05E3 /* BWHyperlinkButtonCell.h in Headers */ = {isa = PBXBuildFile; fileRef = 00D54B3410E4B88E00EE05E3 /* BWHyperlinkButtonCell.h */; };
		00D54B3910E4B88E00EE05E3 /* BWHyperlinkButtonCell.m in Sources */ = {isa = PBXBuildFile; fileRef = 00D54B3510E4B88E00EE05E3 /* BWHyperlinkButtonCell.m */; };
		00D54C9A10E5AF5F00EE05E3 /* GHTestLogTest.m in Sources */ = {isa = PBXBuildFile; fileRef = 00D54C9910E5AF5F00EE05E3 /* GHTestLogTest.m */; };
		00DCB7DC0FA4F1300022DA5A /* GHMockNSURLConnectionTest.m in Sources */ = {isa = PBXBuildFile; fileRef = 00DCB7DA0FA4F1300022DA5A /* GHMockNSURLConnectionTest.m */; };
		00DCB7DD0FA4F1300022DA5A /* GHNSLocaleMockTest.m in Sources */ = {isa = PBXBuildFile; fileRef = 00DCB7DB0FA4F1300022DA5A /* GHNSLocaleMockTest.m */; };
		00DCBB060FA523EC0022DA5A /* GHAsyncTestCaseTest.m in Sources */ = {isa = PBXBuildFile; fileRef = 00772F910F8D7ABA00586577 /* GHAsyncTestCaseTest.m */; };
		8DC2EF530486A6940098B216 /* InfoPlist.strings in Resources */ = {isa = PBXBuildFile; fileRef = 089C1666FE841158C02AAC07 /* InfoPlist.strings */; };
		8DC2EF570486A6940098B216 /* Cocoa.framework in Frameworks */ = {isa = PBXBuildFile; fileRef = 1058C7B1FEA5585E11CA2CBB /* Cocoa.framework */; };
/* End PBXBuildFile section */

/* Begin PBXContainerItemProxy section */
		002E73C50F2C21AE00427636 /* PBXContainerItemProxy */ = {
			isa = PBXContainerItemProxy;
			containerPortal = 0867D690FE84028FC02AAC07 /* Project object */;
			proxyType = 1;
			remoteGlobalIDString = 8DC2EF4F0486A6940098B216;
			remoteInfo = GHUnit;
		};
/* End PBXContainerItemProxy section */

/* Begin PBXCopyFilesBuildPhase section */
		00B82EAA0F2C498500564DA0 /* CopyFiles */ = {
			isa = PBXCopyFilesBuildPhase;
			buildActionMask = 2147483647;
			dstPath = "$(TARGET_BUILD_DIR)";
			dstSubfolderSpec = 0;
			files = (
				00AF0E3A0F2C4D47009F0ABA /* SenTestingKit.framework in CopyFiles */,
			);
			runOnlyForDeploymentPostprocessing = 0;
		};
/* End PBXCopyFilesBuildPhase section */

/* Begin PBXFileReference section */
		000203AC0F8EA50600EC31BA /* example.json */ = {isa = PBXFileReference; fileEncoding = 4; lastKnownFileType = text; path = example.json; sourceTree = "<group>"; };
		0016AEC81012A11B009F4F8F /* GHTestOnMainThread.m */ = {isa = PBXFileReference; fileEncoding = 4; lastKnownFileType = sourcecode.c.objc; path = GHTestOnMainThread.m; sourceTree = "<group>"; };
		002057080F945D2700FC1898 /* GHNSLocale+Mock.h */ = {isa = PBXFileReference; fileEncoding = 4; lastKnownFileType = sourcecode.c.h; path = "GHNSLocale+Mock.h"; sourceTree = "<group>"; };
		002057090F945D2700FC1898 /* GHNSLocale+Mock.m */ = {isa = PBXFileReference; fileEncoding = 4; lastKnownFileType = sourcecode.c.objc; path = "GHNSLocale+Mock.m"; sourceTree = "<group>"; };
		0020584F0F9467F900FC1898 /* GHUNSObject+Swizzle.h */ = {isa = PBXFileReference; fileEncoding = 4; lastKnownFileType = sourcecode.c.h; path = "GHUNSObject+Swizzle.h"; sourceTree = "<group>"; };
		002058500F9467F900FC1898 /* GHUNSObject+Swizzle.m */ = {isa = PBXFileReference; fileEncoding = 4; lastKnownFileType = sourcecode.c.objc; path = "GHUNSObject+Swizzle.m"; sourceTree = "<group>"; };
		002D9BD80F49158F007932FE /* GHTest.h */ = {isa = PBXFileReference; fileEncoding = 4; lastKnownFileType = sourcecode.c.h; path = GHTest.h; sourceTree = "<group>"; };
		002D9BD90F49158F007932FE /* GHTest.m */ = {isa = PBXFileReference; fileEncoding = 4; lastKnownFileType = sourcecode.c.objc; path = GHTest.m; sourceTree = "<group>"; };
		002D9BDA0F49158F007932FE /* GHTestCase.h */ = {isa = PBXFileReference; fileEncoding = 4; lastKnownFileType = sourcecode.c.h; path = GHTestCase.h; sourceTree = "<group>"; };
		002D9BDB0F49158F007932FE /* GHTestCase.m */ = {isa = PBXFileReference; fileEncoding = 4; lastKnownFileType = sourcecode.c.objc; path = GHTestCase.m; sourceTree = "<group>"; };
		002D9BDC0F49158F007932FE /* GHTestGroup.h */ = {isa = PBXFileReference; fileEncoding = 4; lastKnownFileType = sourcecode.c.h; path = GHTestGroup.h; sourceTree = "<group>"; };
		002D9BDD0F49158F007932FE /* GHTestGroup.m */ = {isa = PBXFileReference; fileEncoding = 4; lastKnownFileType = sourcecode.c.objc; path = GHTestGroup.m; sourceTree = "<group>"; };
		002D9BDE0F49158F007932FE /* GHTestMacros.h */ = {isa = PBXFileReference; fileEncoding = 4; lastKnownFileType = sourcecode.c.h; path = GHTestMacros.h; sourceTree = "<group>"; };
		002D9BE00F49158F007932FE /* GHTestRunner.h */ = {isa = PBXFileReference; fileEncoding = 4; lastKnownFileType = sourcecode.c.h; path = GHTestRunner.h; sourceTree = "<group>"; };
		002D9BE10F49158F007932FE /* GHTestRunner.m */ = {isa = PBXFileReference; fileEncoding = 4; lastKnownFileType = sourcecode.c.objc; path = GHTestRunner.m; sourceTree = "<group>"; };
		002D9BE20F49158F007932FE /* GHTestSuite.h */ = {isa = PBXFileReference; fileEncoding = 4; lastKnownFileType = sourcecode.c.h; path = GHTestSuite.h; sourceTree = "<group>"; };
		002D9BE30F49158F007932FE /* GHTestSuite.m */ = {isa = PBXFileReference; fileEncoding = 4; lastKnownFileType = sourcecode.c.objc; path = GHTestSuite.m; sourceTree = "<group>"; };
		002D9BE40F49158F007932FE /* GHTesting.h */ = {isa = PBXFileReference; fileEncoding = 4; lastKnownFileType = sourcecode.c.h; path = GHTesting.h; sourceTree = "<group>"; };
		002D9BE50F49158F007932FE /* GHTesting.m */ = {isa = PBXFileReference; fileEncoding = 4; lastKnownFileType = sourcecode.c.objc; path = GHTesting.m; sourceTree = "<group>"; };
		002D9BE60F49158F007932FE /* GHUnit.h */ = {isa = PBXFileReference; fileEncoding = 4; lastKnownFileType = sourcecode.c.h; path = GHUnit.h; sourceTree = "<group>"; };
		002D9BE80F49158F007932FE /* GHTestViewModel.h */ = {isa = PBXFileReference; fileEncoding = 4; lastKnownFileType = sourcecode.c.h; path = GHTestViewModel.h; sourceTree = "<group>"; };
		002D9BE90F49158F007932FE /* GHTestViewModel.m */ = {isa = PBXFileReference; fileEncoding = 4; lastKnownFileType = sourcecode.c.objc; path = GHTestViewModel.m; sourceTree = "<group>"; };
		002D9BEC0F49158F007932FE /* GHTestApp.h */ = {isa = PBXFileReference; fileEncoding = 4; lastKnownFileType = sourcecode.c.h; path = GHTestApp.h; sourceTree = "<group>"; };
		002D9BED0F49158F007932FE /* GHTestApp.m */ = {isa = PBXFileReference; fileEncoding = 4; lastKnownFileType = sourcecode.c.objc; path = GHTestApp.m; sourceTree = "<group>"; };
		002D9BEE0F49158F007932FE /* GHTestApp.xib */ = {isa = PBXFileReference; lastKnownFileType = file.xib; path = GHTestApp.xib; sourceTree = "<group>"; };
		002D9BF10F49158F007932FE /* GHTestView.xib */ = {isa = PBXFileReference; lastKnownFileType = file.xib; path = GHTestView.xib; sourceTree = "<group>"; };
		002D9BF20F49158F007932FE /* GHTestViewController.h */ = {isa = PBXFileReference; fileEncoding = 4; lastKnownFileType = sourcecode.c.h; path = GHTestViewController.h; sourceTree = "<group>"; };
		002D9BF30F49158F007932FE /* GHTestViewController.m */ = {isa = PBXFileReference; fileEncoding = 4; lastKnownFileType = sourcecode.c.objc; path = GHTestViewController.m; sourceTree = "<group>"; };
		002D9BF40F49158F007932FE /* GHTestWindow.xib */ = {isa = PBXFileReference; lastKnownFileType = file.xib; path = GHTestWindow.xib; sourceTree = "<group>"; };
		002D9BF50F49158F007932FE /* GHTestWindowController.h */ = {isa = PBXFileReference; fileEncoding = 4; lastKnownFileType = sourcecode.c.h; path = GHTestWindowController.h; sourceTree = "<group>"; };
		002D9BF60F49158F007932FE /* GHTestWindowController.m */ = {isa = PBXFileReference; fileEncoding = 4; lastKnownFileType = sourcecode.c.objc; path = GHTestWindowController.m; sourceTree = "<group>"; };
		002D9BFB0F49158F007932FE /* GHNSInvocation+Utils.h */ = {isa = PBXFileReference; fileEncoding = 4; lastKnownFileType = sourcecode.c.h; path = "GHNSInvocation+Utils.h"; sourceTree = "<group>"; };
		002D9BFC0F49158F007932FE /* GHNSInvocation+Utils.m */ = {isa = PBXFileReference; fileEncoding = 4; lastKnownFileType = sourcecode.c.objc; path = "GHNSInvocation+Utils.m"; sourceTree = "<group>"; };
		002D9BFD0F49158F007932FE /* GHNSObject+Invocation.h */ = {isa = PBXFileReference; fileEncoding = 4; lastKnownFileType = sourcecode.c.h; path = "GHNSObject+Invocation.h"; sourceTree = "<group>"; };
		002D9BFE0F49158F007932FE /* GHNSObject+Invocation.m */ = {isa = PBXFileReference; fileEncoding = 4; lastKnownFileType = sourcecode.c.objc; path = "GHNSObject+Invocation.m"; sourceTree = "<group>"; };
		002D9C040F49158F007932FE /* GTMObjC2Runtime.h */ = {isa = PBXFileReference; fileEncoding = 4; lastKnownFileType = sourcecode.c.h; path = GTMObjC2Runtime.h; sourceTree = "<group>"; };
		002D9C050F49158F007932FE /* GTMObjC2Runtime.m */ = {isa = PBXFileReference; fileEncoding = 4; lastKnownFileType = sourcecode.c.objc; path = GTMObjC2Runtime.m; sourceTree = "<group>"; };
		002D9C060F49158F007932FE /* GTMStackTrace.h */ = {isa = PBXFileReference; fileEncoding = 4; lastKnownFileType = sourcecode.c.h; path = GTMStackTrace.h; sourceTree = "<group>"; };
		002D9C070F49158F007932FE /* GTMStackTrace.m */ = {isa = PBXFileReference; fileEncoding = 4; lastKnownFileType = sourcecode.c.objc; path = GTMStackTrace.m; sourceTree = "<group>"; };
		002D9C080F49158F007932FE /* GTMDefines.h */ = {isa = PBXFileReference; fileEncoding = 4; lastKnownFileType = sourcecode.c.h; path = GTMDefines.h; sourceTree = "<group>"; };
		002D9C090F49158F007932FE /* README.md */ = {isa = PBXFileReference; fileEncoding = 4; lastKnownFileType = text; path = README.md; sourceTree = "<group>"; };
		002E73B60F2C213700427636 /* Tests.app */ = {isa = PBXFileReference; explicitFileType = wrapper.application; includeInIndex = 0; path = Tests.app; sourceTree = BUILT_PRODUCTS_DIR; };
		002E73B80F2C213700427636 /* Tests-Info.plist */ = {isa = PBXFileReference; lastKnownFileType = text.plist.xml; path = "Tests-Info.plist"; sourceTree = "<group>"; };
		002E74860F2C2B3100427636 /* GHSlowTest.m */ = {isa = PBXFileReference; fileEncoding = 4; lastKnownFileType = sourcecode.c.objc; path = GHSlowTest.m; sourceTree = "<group>"; };
		003676920F8E95CF0042FAF7 /* GHMockNSURLConnection.h */ = {isa = PBXFileReference; fileEncoding = 4; lastKnownFileType = sourcecode.c.h; path = GHMockNSURLConnection.h; sourceTree = "<group>"; };
		003676930F8E95CF0042FAF7 /* GHMockNSURLConnection.m */ = {isa = PBXFileReference; fileEncoding = 4; lastKnownFileType = sourcecode.c.objc; path = GHMockNSURLConnection.m; sourceTree = "<group>"; };
		003676960F8E976A0042FAF7 /* GHMockNSHTTPURLResponse.h */ = {isa = PBXFileReference; fileEncoding = 4; lastKnownFileType = sourcecode.c.h; path = GHMockNSHTTPURLResponse.h; sourceTree = "<group>"; };
		003676970F8E976A0042FAF7 /* GHMockNSHTTPURLResponse.m */ = {isa = PBXFileReference; fileEncoding = 4; lastKnownFileType = sourcecode.c.objc; path = GHMockNSHTTPURLResponse.m; sourceTree = "<group>"; };
		0052DE8A0FFEDC3800EDB178 /* BWSplitView.h */ = {isa = PBXFileReference; fileEncoding = 4; lastKnownFileType = sourcecode.c.h; path = BWSplitView.h; sourceTree = "<group>"; };
		0052DE8B0FFEDC3800EDB178 /* BWSplitView.m */ = {isa = PBXFileReference; fileEncoding = 4; lastKnownFileType = sourcecode.c.objc; path = BWSplitView.m; sourceTree = "<group>"; };
		0052DEA80FFEDC8300EDB178 /* NSColor+BWAdditions.h */ = {isa = PBXFileReference; fileEncoding = 4; lastKnownFileType = sourcecode.c.h; path = "NSColor+BWAdditions.h"; sourceTree = "<group>"; };
		0052DEA90FFEDC8300EDB178 /* NSColor+BWAdditions.m */ = {isa = PBXFileReference; fileEncoding = 4; lastKnownFileType = sourcecode.c.objc; path = "NSColor+BWAdditions.m"; sourceTree = "<group>"; };
		0052DEAB0FFEDC8300EDB178 /* NSEvent+BWAdditions.h */ = {isa = PBXFileReference; fileEncoding = 4; lastKnownFileType = sourcecode.c.h; path = "NSEvent+BWAdditions.h"; sourceTree = "<group>"; };
		0052DEAC0FFEDC8300EDB178 /* NSEvent+BWAdditions.m */ = {isa = PBXFileReference; fileEncoding = 4; lastKnownFileType = sourcecode.c.objc; path = "NSEvent+BWAdditions.m"; sourceTree = "<group>"; };
		0052DEFD0FFEDEBD00EDB178 /* GradientSplitViewDimpleBitmap.tif */ = {isa = PBXFileReference; lastKnownFileType = image.tiff; path = GradientSplitViewDimpleBitmap.tif; sourceTree = "<group>"; };
		0052DEFE0FFEDEBD00EDB178 /* GradientSplitViewDimpleVector.pdf */ = {isa = PBXFileReference; lastKnownFileType = image.pdf; path = GradientSplitViewDimpleVector.pdf; sourceTree = "<group>"; };
		005FDD190F33D0F8006B369F /* GHGTMTestCaseTest.m */ = {isa = PBXFileReference; fileEncoding = 4; lastKnownFileType = sourcecode.c.objc; path = GHGTMTestCaseTest.m; sourceTree = "<group>"; };
		005FDD200F33D259006B369F /* GTMSenTestCase.h */ = {isa = PBXFileReference; fileEncoding = 4; lastKnownFileType = sourcecode.c.h; path = GTMSenTestCase.h; sourceTree = "<group>"; };
		005FDD210F33D259006B369F /* GTMSenTestCase.m */ = {isa = PBXFileReference; fileEncoding = 4; lastKnownFileType = sourcecode.c.objc; path = GTMSenTestCase.m; sourceTree = "<group>"; };
		006307900F8E760800C9602A /* Shared.xcconfig */ = {isa = PBXFileReference; fileEncoding = 4; lastKnownFileType = text.xcconfig; path = Shared.xcconfig; sourceTree = "<group>"; };
		006307910F8E761C00C9602A /* Shared-IPhone.xcconfig */ = {isa = PBXFileReference; fileEncoding = 4; lastKnownFileType = text.xcconfig; path = "Shared-IPhone.xcconfig"; sourceTree = "<group>"; };
		00772F8A0F8D7A6400586577 /* GHAsyncTestCase.h */ = {isa = PBXFileReference; fileEncoding = 4; lastKnownFileType = sourcecode.c.h; path = GHAsyncTestCase.h; sourceTree = "<group>"; };
		00772F8B0F8D7A6400586577 /* GHAsyncTestCase.m */ = {isa = PBXFileReference; fileEncoding = 4; lastKnownFileType = sourcecode.c.objc; path = GHAsyncTestCase.m; sourceTree = "<group>"; };
		00772F910F8D7ABA00586577 /* GHAsyncTestCaseTest.m */ = {isa = PBXFileReference; fileEncoding = 4; lastKnownFileType = sourcecode.c.objc; path = GHAsyncTestCaseTest.m; sourceTree = "<group>"; };
		0091B12A100EEE9B000B8C77 /* GHTestFail.m */ = {isa = PBXFileReference; fileEncoding = 4; lastKnownFileType = sourcecode.c.objc; path = GHTestFail.m; sourceTree = "<group>"; };
		00970A2F0F2836CE00189A9D /* GHSenTestingTest.m */ = {isa = PBXFileReference; fileEncoding = 4; lastKnownFileType = sourcecode.c.objc; path = GHSenTestingTest.m; sourceTree = "<group>"; };
		00970A550F28397F00189A9D /* SenTestingKit.framework */ = {isa = PBXFileReference; lastKnownFileType = wrapper.framework; name = SenTestingKit.framework; path = Library/Frameworks/SenTestingKit.framework; sourceTree = DEVELOPER_DIR; };
		009DD7A60F26EC6C0058A2B0 /* GHSetUpTearDownTest.m */ = {isa = PBXFileReference; fileEncoding = 4; lastKnownFileType = sourcecode.c.objc; path = GHSetUpTearDownTest.m; sourceTree = "<group>"; };
		009DD82F0F26FAE70058A2B0 /* Tests_Prefix.pch */ = {isa = PBXFileReference; fileEncoding = 4; lastKnownFileType = sourcecode.c.h; path = Tests_Prefix.pch; sourceTree = "<group>"; };
		00A22E7D102214FA00337F7B /* GHTestMacrosTest.m */ = {isa = PBXFileReference; fileEncoding = 4; lastKnownFileType = sourcecode.c.objc; path = GHTestMacrosTest.m; sourceTree = "<group>"; };
		00A954080FDC7539006A80A6 /* GHNSInvocationProxy.h */ = {isa = PBXFileReference; fileEncoding = 4; lastKnownFileType = sourcecode.c.h; path = GHNSInvocationProxy.h; sourceTree = "<group>"; };
		00A954090FDC7539006A80A6 /* GHNSInvocationProxy.m */ = {isa = PBXFileReference; fileEncoding = 4; lastKnownFileType = sourcecode.c.objc; path = GHNSInvocationProxy.m; sourceTree = "<group>"; };
		00B7BC5A10796C490005897B /* NSException+GHTestFailureExceptions.h */ = {isa = PBXFileReference; fileEncoding = 4; lastKnownFileType = sourcecode.c.h; path = "NSException+GHTestFailureExceptions.h"; sourceTree = "<group>"; };
		00B7BC5B10796C490005897B /* NSException+GHTestFailureExceptions.m */ = {isa = PBXFileReference; fileEncoding = 4; lastKnownFileType = sourcecode.c.objc; path = "NSException+GHTestFailureExceptions.m"; sourceTree = "<group>"; };
		00B7BC5C10796C490005897B /* NSValue+GHValueFormatter.h */ = {isa = PBXFileReference; fileEncoding = 4; lastKnownFileType = sourcecode.c.h; path = "NSValue+GHValueFormatter.h"; sourceTree = "<group>"; };
		00B7BC5D10796C490005897B /* NSValue+GHValueFormatter.m */ = {isa = PBXFileReference; fileEncoding = 4; lastKnownFileType = sourcecode.c.objc; path = "NSValue+GHValueFormatter.m"; sourceTree = "<group>"; };
		00C1A2BE0F52813200FCCA14 /* GHUnitTestMain.m */ = {isa = PBXFileReference; fileEncoding = 4; lastKnownFileType = sourcecode.c.objc; path = GHUnitTestMain.m; sourceTree = "<group>"; };
		00CDDBC21011576E00F5C4D5 /* GHTestOutlineViewModel.h */ = {isa = PBXFileReference; fileEncoding = 4; lastKnownFileType = sourcecode.c.h; path = GHTestOutlineViewModel.h; sourceTree = "<group>"; };
		00CDDBC31011576E00F5C4D5 /* GHTestOutlineViewModel.m */ = {isa = PBXFileReference; fileEncoding = 4; lastKnownFileType = sourcecode.c.objc; path = GHTestOutlineViewModel.m; sourceTree = "<group>"; };
		00CDDCC00F75D6970089C60E /* GHRegisterTestCaseClassTest.m */ = {isa = PBXFileReference; fileEncoding = 4; lastKnownFileType = sourcecode.c.objc; path = GHRegisterTestCaseClassTest.m; sourceTree = "<group>"; };
		00CDDCDE0F76F7730089C60E /* GHSpecialTestCase.h */ = {isa = PBXFileReference; fileEncoding = 4; lastKnownFileType = sourcecode.c.h; path = GHSpecialTestCase.h; sourceTree = "<group>"; };
		00CDDCDF0F76F7730089C60E /* GHSpecialTestCase.m */ = {isa = PBXFileReference; fileEncoding = 4; lastKnownFileType = sourcecode.c.objc; path = GHSpecialTestCase.m; sourceTree = "<group>"; };
		00CDDD2C0F76F9B30089C60E /* CHANGELOG.md */ = {isa = PBXFileReference; fileEncoding = 4; lastKnownFileType = text; name = CHANGELOG.md; path = ../CHANGELOG.md; sourceTree = SOURCE_ROOT; };
		00CDDD2D0F76F9B30089C60E /* README.md */ = {isa = PBXFileReference; fileEncoding = 4; lastKnownFileType = text; name = README.md; path = ../README.md; sourceTree = SOURCE_ROOT; };
		00CDDD800F76FC880089C60E /* Makefile */ = {isa = PBXFileReference; fileEncoding = 4; lastKnownFileType = sourcecode.make; path = Makefile; sourceTree = "<group>"; };
		00D54A1F10E470B600EE05E3 /* CombineLibs.sh */ = {isa = PBXFileReference; fileEncoding = 4; lastKnownFileType = text.script.sh; path = CombineLibs.sh; sourceTree = "<group>"; };
		00D54A2010E470B600EE05E3 /* RunTests.sh */ = {isa = PBXFileReference; fileEncoding = 4; lastKnownFileType = text.script.sh; path = RunTests.sh; sourceTree = "<group>"; };
		00D54B3210E4B88E00EE05E3 /* BWHyperlinkButton.h */ = {isa = PBXFileReference; fileEncoding = 4; lastKnownFileType = sourcecode.c.h; path = BWHyperlinkButton.h; sourceTree = "<group>"; };
		00D54B3310E4B88E00EE05E3 /* BWHyperlinkButton.m */ = {isa = PBXFileReference; fileEncoding = 4; lastKnownFileType = sourcecode.c.objc; path = BWHyperlinkButton.m; sourceTree = "<group>"; };
		00D54B3410E4B88E00EE05E3 /* BWHyperlinkButtonCell.h */ = {isa = PBXFileReference; fileEncoding = 4; lastKnownFileType = sourcecode.c.h; path = BWHyperlinkButtonCell.h; sourceTree = "<group>"; };
		00D54B3510E4B88E00EE05E3 /* BWHyperlinkButtonCell.m */ = {isa = PBXFileReference; fileEncoding = 4; lastKnownFileType = sourcecode.c.objc; path = BWHyperlinkButtonCell.m; sourceTree = "<group>"; };
		00D54C9910E5AF5F00EE05E3 /* GHTestLogTest.m */ = {isa = PBXFileReference; fileEncoding = 4; lastKnownFileType = sourcecode.c.objc; path = GHTestLogTest.m; sourceTree = "<group>"; };
		00DCB7DA0FA4F1300022DA5A /* GHMockNSURLConnectionTest.m */ = {isa = PBXFileReference; fileEncoding = 4; lastKnownFileType = sourcecode.c.objc; path = GHMockNSURLConnectionTest.m; sourceTree = "<group>"; };
		00DCB7DB0FA4F1300022DA5A /* GHNSLocaleMockTest.m */ = {isa = PBXFileReference; fileEncoding = 4; lastKnownFileType = sourcecode.c.objc; path = GHNSLocaleMockTest.m; sourceTree = "<group>"; };
		00F09A82108D50AD000E5AB5 /* Tests_Empty-Info.plist */ = {isa = PBXFileReference; lastKnownFileType = text.plist.xml; path = "Tests_Empty-Info.plist"; sourceTree = "<group>"; };
		00F09A8E108D50F2000E5AB5 /* GHTestEmpty.m */ = {isa = PBXFileReference; fileEncoding = 4; lastKnownFileType = sourcecode.c.objc; path = GHTestEmpty.m; sourceTree = "<group>"; };
		00F09ADC108D527A000E5AB5 /* Cocoa.framework */ = {isa = PBXFileReference; lastKnownFileType = wrapper.framework; name = Cocoa.framework; path = System/Library/Frameworks/Cocoa.framework; sourceTree = SDKROOT; };
		00F09ADE108D527A000E5AB5 /* Foundation.framework */ = {isa = PBXFileReference; lastKnownFileType = wrapper.framework; name = Foundation.framework; path = System/Library/Frameworks/Foundation.framework; sourceTree = SDKROOT; };
		0867D69BFE84028FC02AAC07 /* Foundation.framework */ = {isa = PBXFileReference; lastKnownFileType = wrapper.framework; name = Foundation.framework; path = /System/Library/Frameworks/Foundation.framework; sourceTree = "<absolute>"; };
		0867D6A5FE840307C02AAC07 /* AppKit.framework */ = {isa = PBXFileReference; lastKnownFileType = wrapper.framework; name = AppKit.framework; path = /System/Library/Frameworks/AppKit.framework; sourceTree = "<absolute>"; };
		089C1667FE841158C02AAC07 /* English */ = {isa = PBXFileReference; fileEncoding = 10; lastKnownFileType = text.plist.strings; name = English; path = English.lproj/InfoPlist.strings; sourceTree = "<group>"; };
		1058C7B1FEA5585E11CA2CBB /* Cocoa.framework */ = {isa = PBXFileReference; lastKnownFileType = wrapper.framework; name = Cocoa.framework; path = /System/Library/Frameworks/Cocoa.framework; sourceTree = "<absolute>"; };
		32DBCF5E0370ADEE00C91783 /* GHUnit_Prefix.pch */ = {isa = PBXFileReference; fileEncoding = 4; lastKnownFileType = sourcecode.c.h; path = GHUnit_Prefix.pch; sourceTree = "<group>"; };
		8DC2EF5A0486A6940098B216 /* Info.plist */ = {isa = PBXFileReference; fileEncoding = 4; lastKnownFileType = text.plist.xml; path = Info.plist; sourceTree = "<group>"; };
		8DC2EF5B0486A6940098B216 /* GHUnit.framework */ = {isa = PBXFileReference; explicitFileType = wrapper.framework; includeInIndex = 0; path = GHUnit.framework; sourceTree = BUILT_PRODUCTS_DIR; };
		D2F7E79907B2D74100F64583 /* CoreData.framework */ = {isa = PBXFileReference; lastKnownFileType = wrapper.framework; name = CoreData.framework; path = /System/Library/Frameworks/CoreData.framework; sourceTree = "<absolute>"; };
/* End PBXFileReference section */

/* Begin PBXFrameworksBuildPhase section */
		002E73B40F2C213700427636 /* Frameworks */ = {
			isa = PBXFrameworksBuildPhase;
			buildActionMask = 2147483647;
			files = (
				002E73C70F2C21B200427636 /* GHUnit.framework in Frameworks */,
				002E73D50F2C21DE00427636 /* SenTestingKit.framework in Frameworks */,
			);
			runOnlyForDeploymentPostprocessing = 0;
		};
		8DC2EF560486A6940098B216 /* Frameworks */ = {
			isa = PBXFrameworksBuildPhase;
			buildActionMask = 2147483647;
			files = (
				8DC2EF570486A6940098B216 /* Cocoa.framework in Frameworks */,
			);
			runOnlyForDeploymentPostprocessing = 0;
		};
/* End PBXFrameworksBuildPhase section */

/* Begin PBXGroup section */
		000203A80F8EA4F000EC31BA /* Data */ = {
			isa = PBXGroup;
			children = (
				000203AC0F8EA50600EC31BA /* example.json */,
			);
			path = Data;
			sourceTree = "<group>";
		};
		002D9BD70F49158F007932FE /* Classes */ = {
			isa = PBXGroup;
			children = (
				0036768D0F8E95A80042FAF7 /* Mock */,
				002D9BD80F49158F007932FE /* GHTest.h */,
				002D9BD90F49158F007932FE /* GHTest.m */,
				002D9BDA0F49158F007932FE /* GHTestCase.h */,
				002D9BDB0F49158F007932FE /* GHTestCase.m */,
				00772F8A0F8D7A6400586577 /* GHAsyncTestCase.h */,
				00772F8B0F8D7A6400586577 /* GHAsyncTestCase.m */,
				002D9BDC0F49158F007932FE /* GHTestGroup.h */,
				002D9BDD0F49158F007932FE /* GHTestGroup.m */,
				002D9BDE0F49158F007932FE /* GHTestMacros.h */,
				002D9BE00F49158F007932FE /* GHTestRunner.h */,
				002D9BE10F49158F007932FE /* GHTestRunner.m */,
				002D9BE20F49158F007932FE /* GHTestSuite.h */,
				002D9BE30F49158F007932FE /* GHTestSuite.m */,
				002D9BE40F49158F007932FE /* GHTesting.h */,
				002D9BE50F49158F007932FE /* GHTesting.m */,
				002D9BE60F49158F007932FE /* GHUnit.h */,
				00B7BC5A10796C490005897B /* NSException+GHTestFailureExceptions.h */,
				00B7BC5B10796C490005897B /* NSException+GHTestFailureExceptions.m */,
				00B7BC5C10796C490005897B /* NSValue+GHValueFormatter.h */,
				00B7BC5D10796C490005897B /* NSValue+GHValueFormatter.m */,
				002D9BE70F49158F007932FE /* SharedUI */,
			);
			name = Classes;
			path = ../Classes;
			sourceTree = SOURCE_ROOT;
		};
		002D9BE70F49158F007932FE /* SharedUI */ = {
			isa = PBXGroup;
			children = (
				002D9BE80F49158F007932FE /* GHTestViewModel.h */,
				002D9BE90F49158F007932FE /* GHTestViewModel.m */,
			);
			path = SharedUI;
			sourceTree = "<group>";
		};
		002D9BEA0F49158F007932FE /* Classes-MacOSX */ = {
			isa = PBXGroup;
			children = (
				00C1A2BE0F52813200FCCA14 /* GHUnitTestMain.m */,
				002D9BEB0F49158F007932FE /* UI */,
			);
			name = "Classes-MacOSX";
			path = "../Classes-MacOSX";
			sourceTree = SOURCE_ROOT;
		};
		002D9BEB0F49158F007932FE /* UI */ = {
			isa = PBXGroup;
			children = (
				002D9BEE0F49158F007932FE /* GHTestApp.xib */,
				002D9BEC0F49158F007932FE /* GHTestApp.h */,
				002D9BED0F49158F007932FE /* GHTestApp.m */,
				002D9BF10F49158F007932FE /* GHTestView.xib */,
				002D9BF20F49158F007932FE /* GHTestViewController.h */,
				002D9BF30F49158F007932FE /* GHTestViewController.m */,
				00CDDBC21011576E00F5C4D5 /* GHTestOutlineViewModel.h */,
				00CDDBC31011576E00F5C4D5 /* GHTestOutlineViewModel.m */,
				002D9BF40F49158F007932FE /* GHTestWindow.xib */,
				002D9BF50F49158F007932FE /* GHTestWindowController.h */,
				002D9BF60F49158F007932FE /* GHTestWindowController.m */,
			);
			path = UI;
			sourceTree = "<group>";
		};
		002D9BF70F49158F007932FE /* Libraries */ = {
			isa = PBXGroup;
			children = (
				002D9BF80F49158F007932FE /* GHKit */,
				002D9BFF0F49158F007932FE /* GTM */,
				002D9C090F49158F007932FE /* README.md */,
			);
			name = Libraries;
			path = ../Libraries;
			sourceTree = SOURCE_ROOT;
		};
		002D9BF80F49158F007932FE /* GHKit */ = {
			isa = PBXGroup;
			children = (
				00A954080FDC7539006A80A6 /* GHNSInvocationProxy.h */,
				00A954090FDC7539006A80A6 /* GHNSInvocationProxy.m */,
				002D9BFB0F49158F007932FE /* GHNSInvocation+Utils.h */,
				002D9BFC0F49158F007932FE /* GHNSInvocation+Utils.m */,
				002D9BFD0F49158F007932FE /* GHNSObject+Invocation.h */,
				002D9BFE0F49158F007932FE /* GHNSObject+Invocation.m */,
			);
			path = GHKit;
			sourceTree = "<group>";
		};
		002D9BFF0F49158F007932FE /* GTM */ = {
			isa = PBXGroup;
			children = (
				002D9C000F49158F007932FE /* Foundation */,
				002D9C080F49158F007932FE /* GTMDefines.h */,
			);
			path = GTM;
			sourceTree = "<group>";
		};
		002D9C000F49158F007932FE /* Foundation */ = {
			isa = PBXGroup;
			children = (
				002D9C040F49158F007932FE /* GTMObjC2Runtime.h */,
				002D9C050F49158F007932FE /* GTMObjC2Runtime.m */,
				002D9C060F49158F007932FE /* GTMStackTrace.h */,
				002D9C070F49158F007932FE /* GTMStackTrace.m */,
			);
			path = Foundation;
			sourceTree = "<group>";
		};
		0036768D0F8E95A80042FAF7 /* Mock */ = {
			isa = PBXGroup;
			children = (
				002057080F945D2700FC1898 /* GHNSLocale+Mock.h */,
				002057090F945D2700FC1898 /* GHNSLocale+Mock.m */,
				003676920F8E95CF0042FAF7 /* GHMockNSURLConnection.h */,
				003676930F8E95CF0042FAF7 /* GHMockNSURLConnection.m */,
				003676960F8E976A0042FAF7 /* GHMockNSHTTPURLResponse.h */,
				003676970F8E976A0042FAF7 /* GHMockNSHTTPURLResponse.m */,
				0020584F0F9467F900FC1898 /* GHUNSObject+Swizzle.h */,
				002058500F9467F900FC1898 /* GHUNSObject+Swizzle.m */,
			);
			path = Mock;
			sourceTree = "<group>";
		};
		0052DE880FFEDC3800EDB178 /* Libraries-MaxOSX */ = {
			isa = PBXGroup;
			children = (
				0052DE890FFEDC3800EDB178 /* BWToolkitFramework */,
			);
			name = "Libraries-MaxOSX";
			path = "../Libraries-MaxOSX";
			sourceTree = SOURCE_ROOT;
		};
		0052DE890FFEDC3800EDB178 /* BWToolkitFramework */ = {
			isa = PBXGroup;
			children = (
				00D54B3210E4B88E00EE05E3 /* BWHyperlinkButton.h */,
				00D54B3310E4B88E00EE05E3 /* BWHyperlinkButton.m */,
				00D54B3410E4B88E00EE05E3 /* BWHyperlinkButtonCell.h */,
				00D54B3510E4B88E00EE05E3 /* BWHyperlinkButtonCell.m */,
				0052DEFD0FFEDEBD00EDB178 /* GradientSplitViewDimpleBitmap.tif */,
				0052DEFE0FFEDEBD00EDB178 /* GradientSplitViewDimpleVector.pdf */,
				0052DEA80FFEDC8300EDB178 /* NSColor+BWAdditions.h */,
				0052DEA90FFEDC8300EDB178 /* NSColor+BWAdditions.m */,
				0052DEAB0FFEDC8300EDB178 /* NSEvent+BWAdditions.h */,
				0052DEAC0FFEDC8300EDB178 /* NSEvent+BWAdditions.m */,
				0052DE8A0FFEDC3800EDB178 /* BWSplitView.h */,
				0052DE8B0FFEDC3800EDB178 /* BWSplitView.m */,
			);
			path = BWToolkitFramework;
			sourceTree = "<group>";
		};
		005FDD1F0F33D259006B369F /* GTM */ = {
			isa = PBXGroup;
			children = (
				005FDD200F33D259006B369F /* GTMSenTestCase.h */,
				005FDD210F33D259006B369F /* GTMSenTestCase.m */,
			);
			path = GTM;
			sourceTree = "<group>";
		};
		0062B73B0F2C1F9200B0562A /* XcodeConfig */ = {
			isa = PBXGroup;
			children = (
				006307900F8E760800C9602A /* Shared.xcconfig */,
				006307910F8E761C00C9602A /* Shared-IPhone.xcconfig */,
			);
			name = XcodeConfig;
			path = ../XcodeConfig;
			sourceTree = SOURCE_ROOT;
		};
		009DD7A40F26EC6C0058A2B0 /* Tests */ = {
			isa = PBXGroup;
			children = (
				000203A80F8EA4F000EC31BA /* Data */,
				005FDD1F0F33D259006B369F /* GTM */,
				009DD7A60F26EC6C0058A2B0 /* GHSetUpTearDownTest.m */,
				00970A2F0F2836CE00189A9D /* GHSenTestingTest.m */,
				002E74860F2C2B3100427636 /* GHSlowTest.m */,
				005FDD190F33D0F8006B369F /* GHGTMTestCaseTest.m */,
				00CDDCC00F75D6970089C60E /* GHRegisterTestCaseClassTest.m */,
				00CDDCDE0F76F7730089C60E /* GHSpecialTestCase.h */,
				00CDDCDF0F76F7730089C60E /* GHSpecialTestCase.m */,
				00772F910F8D7ABA00586577 /* GHAsyncTestCaseTest.m */,
				00DCB7DA0FA4F1300022DA5A /* GHMockNSURLConnectionTest.m */,
				00DCB7DB0FA4F1300022DA5A /* GHNSLocaleMockTest.m */,
				0091B12A100EEE9B000B8C77 /* GHTestFail.m */,
				0016AEC81012A11B009F4F8F /* GHTestOnMainThread.m */,
				00A22E7D102214FA00337F7B /* GHTestMacrosTest.m */,
				00F09A8E108D50F2000E5AB5 /* GHTestEmpty.m */,
				00D54C9910E5AF5F00EE05E3 /* GHTestLogTest.m */,
			);
			name = Tests;
			path = ../Tests;
			sourceTree = SOURCE_ROOT;
		};
		00D54A1E10E470B600EE05E3 /* Scripts */ = {
			isa = PBXGroup;
			children = (
				00D54A1F10E470B600EE05E3 /* CombineLibs.sh */,
				00D54A2010E470B600EE05E3 /* RunTests.sh */,
			);
			name = Scripts;
			path = ../Scripts;
			sourceTree = SOURCE_ROOT;
		};
		034768DFFF38A50411DB9C8B /* Products */ = {
			isa = PBXGroup;
			children = (
				8DC2EF5B0486A6940098B216 /* GHUnit.framework */,
				002E73B60F2C213700427636 /* Tests.app */,
			);
			name = Products;
			sourceTree = "<group>";
		};
		0867D691FE84028FC02AAC07 /* GHUnit */ = {
			isa = PBXGroup;
			children = (
				00CDDD800F76FC880089C60E /* Makefile */,
				00CDDD2D0F76F9B30089C60E /* README.md */,
				00CDDD2C0F76F9B30089C60E /* CHANGELOG.md */,
				002D9BD70F49158F007932FE /* Classes */,
				002D9BEA0F49158F007932FE /* Classes-MacOSX */,
				002D9BF70F49158F007932FE /* Libraries */,
				0052DE880FFEDC3800EDB178 /* Libraries-MaxOSX */,
				009DD7A40F26EC6C0058A2B0 /* Tests */,
				0062B73B0F2C1F9200B0562A /* XcodeConfig */,
				00D54A1E10E470B600EE05E3 /* Scripts */,
				32C88DFF0371C24200C91783 /* Other Sources */,
				089C1665FE841158C02AAC07 /* Resources */,
				0867D69AFE84028FC02AAC07 /* External Frameworks and Libraries */,
				034768DFFF38A50411DB9C8B /* Products */,
				00F09ADC108D527A000E5AB5 /* Cocoa.framework */,
				00F09ADE108D527A000E5AB5 /* Foundation.framework */,
			);
			name = GHUnit;
			sourceTree = "<group>";
		};
		0867D69AFE84028FC02AAC07 /* External Frameworks and Libraries */ = {
			isa = PBXGroup;
			children = (
				1058C7B0FEA5585E11CA2CBB /* Linked Frameworks */,
				1058C7B2FEA5585E11CA2CBB /* Other Frameworks */,
			);
			name = "External Frameworks and Libraries";
			sourceTree = "<group>";
		};
		089C1665FE841158C02AAC07 /* Resources */ = {
			isa = PBXGroup;
			children = (
				8DC2EF5A0486A6940098B216 /* Info.plist */,
				002E73B80F2C213700427636 /* Tests-Info.plist */,
				00F09A82108D50AD000E5AB5 /* Tests_Empty-Info.plist */,
				089C1666FE841158C02AAC07 /* InfoPlist.strings */,
			);
			name = Resources;
			sourceTree = "<group>";
		};
		1058C7B0FEA5585E11CA2CBB /* Linked Frameworks */ = {
			isa = PBXGroup;
			children = (
				00970A550F28397F00189A9D /* SenTestingKit.framework */,
				1058C7B1FEA5585E11CA2CBB /* Cocoa.framework */,
			);
			name = "Linked Frameworks";
			sourceTree = "<group>";
		};
		1058C7B2FEA5585E11CA2CBB /* Other Frameworks */ = {
			isa = PBXGroup;
			children = (
				0867D6A5FE840307C02AAC07 /* AppKit.framework */,
				D2F7E79907B2D74100F64583 /* CoreData.framework */,
				0867D69BFE84028FC02AAC07 /* Foundation.framework */,
			);
			name = "Other Frameworks";
			sourceTree = "<group>";
		};
		32C88DFF0371C24200C91783 /* Other Sources */ = {
			isa = PBXGroup;
			children = (
				32DBCF5E0370ADEE00C91783 /* GHUnit_Prefix.pch */,
				009DD82F0F26FAE70058A2B0 /* Tests_Prefix.pch */,
			);
			name = "Other Sources";
			sourceTree = "<group>";
		};
/* End PBXGroup section */

/* Begin PBXHeadersBuildPhase section */
		8DC2EF500486A6940098B216 /* Headers */ = {
			isa = PBXHeadersBuildPhase;
			buildActionMask = 2147483647;
			files = (
				002D9C0A0F49158F007932FE /* GHTest.h in Headers */,
				002D9C0C0F49158F007932FE /* GHTestCase.h in Headers */,
				002D9C0E0F49158F007932FE /* GHTestGroup.h in Headers */,
				002D9C100F49158F007932FE /* GHTestMacros.h in Headers */,
				002D9C120F49158F007932FE /* GHTestRunner.h in Headers */,
				002D9C140F49158F007932FE /* GHTestSuite.h in Headers */,
				002D9C160F49158F007932FE /* GHTesting.h in Headers */,
				002D9C180F49158F007932FE /* GHUnit.h in Headers */,
				002D9C190F49158F007932FE /* GHTestViewModel.h in Headers */,
				002D9C1B0F49158F007932FE /* GHTestApp.h in Headers */,
				002D9C210F49158F007932FE /* GHTestViewController.h in Headers */,
				002D9C240F49158F007932FE /* GHTestWindowController.h in Headers */,
				002D9C280F49158F007932FE /* GHNSInvocation+Utils.h in Headers */,
				002D9C2A0F49158F007932FE /* GHNSObject+Invocation.h in Headers */,
				002D9C2F0F49158F007932FE /* GTMObjC2Runtime.h in Headers */,
				002D9C310F49158F007932FE /* GTMStackTrace.h in Headers */,
				002D9C330F49158F007932FE /* GTMDefines.h in Headers */,
				00772F8C0F8D7A6400586577 /* GHAsyncTestCase.h in Headers */,
				003676940F8E95CF0042FAF7 /* GHMockNSURLConnection.h in Headers */,
				003676980F8E976A0042FAF7 /* GHMockNSHTTPURLResponse.h in Headers */,
				0020570C0F945D2700FC1898 /* GHNSLocale+Mock.h in Headers */,
				002058510F9467F900FC1898 /* GHUNSObject+Swizzle.h in Headers */,
				00A9540A0FDC7539006A80A6 /* GHNSInvocationProxy.h in Headers */,
				0052DE940FFEDC3800EDB178 /* BWSplitView.h in Headers */,
				0052DEBA0FFEDC8300EDB178 /* NSColor+BWAdditions.h in Headers */,
				0052DEBD0FFEDC8300EDB178 /* NSEvent+BWAdditions.h in Headers */,
				00CDDBC41011576E00F5C4D5 /* GHTestOutlineViewModel.h in Headers */,
				00B7BC5E10796C490005897B /* NSException+GHTestFailureExceptions.h in Headers */,
				00B7BC6010796C490005897B /* NSValue+GHValueFormatter.h in Headers */,
				00D54B3610E4B88E00EE05E3 /* BWHyperlinkButton.h in Headers */,
				00D54B3810E4B88E00EE05E3 /* BWHyperlinkButtonCell.h in Headers */,
			);
			runOnlyForDeploymentPostprocessing = 0;
		};
/* End PBXHeadersBuildPhase section */

/* Begin PBXNativeTarget section */
		002E73B50F2C213700427636 /* Tests */ = {
			isa = PBXNativeTarget;
			buildConfigurationList = 002E73BB0F2C213800427636 /* Build configuration list for PBXNativeTarget "Tests" */;
			buildPhases = (
				002E73B20F2C213700427636 /* Resources */,
				002E73B30F2C213700427636 /* Sources */,
				002E73B40F2C213700427636 /* Frameworks */,
				00B82EAA0F2C498500564DA0 /* CopyFiles */,
				00C1A2DC0F5284E700FCCA14 /* ShellScript */,
			);
			buildRules = (
			);
			dependencies = (
				002E73C60F2C21AE00427636 /* PBXTargetDependency */,
			);
			name = Tests;
			productName = GHUnitUI;
			productReference = 002E73B60F2C213700427636 /* Tests.app */;
			productType = "com.apple.product-type.application";
		};
		8DC2EF4F0486A6940098B216 /* GHUnit */ = {
			isa = PBXNativeTarget;
			buildConfigurationList = 1DEB91AD08733DA50010E9CD /* Build configuration list for PBXNativeTarget "GHUnit" */;
			buildPhases = (
				8DC2EF500486A6940098B216 /* Headers */,
				8DC2EF520486A6940098B216 /* Resources */,
				8DC2EF540486A6940098B216 /* Sources */,
				8DC2EF560486A6940098B216 /* Frameworks */,
				D0A618B8104E425E00184D93 /* ShellScript */,
			);
			buildRules = (
			);
			dependencies = (
			);
			name = GHUnit;
			productInstallPath = "$(HOME)/Library/Frameworks";
			productName = GHUnit;
			productReference = 8DC2EF5B0486A6940098B216 /* GHUnit.framework */;
			productType = "com.apple.product-type.framework";
		};
/* End PBXNativeTarget section */

/* Begin PBXProject section */
		0867D690FE84028FC02AAC07 /* Project object */ = {
			isa = PBXProject;
			buildConfigurationList = 1DEB91B108733DA50010E9CD /* Build configuration list for PBXProject "GHUnit" */;
			compatibilityVersion = "Xcode 3.1";
			hasScannedForEncodings = 1;
			mainGroup = 0867D691FE84028FC02AAC07 /* GHUnit */;
			productRefGroup = 034768DFFF38A50411DB9C8B /* Products */;
			projectDirPath = "";
			projectRoot = "";
			targets = (
				8DC2EF4F0486A6940098B216 /* GHUnit */,
				002E73B50F2C213700427636 /* Tests */,
			);
		};
/* End PBXProject section */

/* Begin PBXResourcesBuildPhase section */
		002E73B20F2C213700427636 /* Resources */ = {
			isa = PBXResourcesBuildPhase;
			buildActionMask = 2147483647;
			files = (
				000203AD0F8EA50600EC31BA /* example.json in Resources */,
			);
			runOnlyForDeploymentPostprocessing = 0;
		};
		8DC2EF520486A6940098B216 /* Resources */ = {
			isa = PBXResourcesBuildPhase;
			buildActionMask = 2147483647;
			files = (
				8DC2EF530486A6940098B216 /* InfoPlist.strings in Resources */,
				002D9C1D0F49158F007932FE /* GHTestApp.xib in Resources */,
				002D9C200F49158F007932FE /* GHTestView.xib in Resources */,
				002D9C230F49158F007932FE /* GHTestWindow.xib in Resources */,
				0052DEFF0FFEDEBD00EDB178 /* GradientSplitViewDimpleBitmap.tif in Resources */,
				0052DF000FFEDEBD00EDB178 /* GradientSplitViewDimpleVector.pdf in Resources */,
			);
			runOnlyForDeploymentPostprocessing = 0;
		};
/* End PBXResourcesBuildPhase section */

/* Begin PBXShellScriptBuildPhase section */
		00C1A2DC0F5284E700FCCA14 /* ShellScript */ = {
			isa = PBXShellScriptBuildPhase;
			buildActionMask = 2147483647;
			files = (
			);
			inputPaths = (
			);
			outputPaths = (
			);
			runOnlyForDeploymentPostprocessing = 0;
			shellPath = /bin/sh;
			shellScript = ../Scripts/RunTests.sh;
			showEnvVarsInLog = 0;
		};
		D0A618B8104E425E00184D93 /* ShellScript */ = {
			isa = PBXShellScriptBuildPhase;
			buildActionMask = 2147483647;
			files = (
			);
			inputPaths = (
			);
			outputPaths = (
			);
			runOnlyForDeploymentPostprocessing = 0;
			shellPath = "/usr/bin/env ruby";
			shellScript = "puts \"OMG\"";
		};
/* End PBXShellScriptBuildPhase section */

/* Begin PBXSourcesBuildPhase section */
		002E73B30F2C213700427636 /* Sources */ = {
			isa = PBXSourcesBuildPhase;
			buildActionMask = 2147483647;
			files = (
				002E73BF0F2C219600427636 /* GHSenTestingTest.m in Sources */,
				002E73C00F2C219600427636 /* GHSetUpTearDownTest.m in Sources */,
				002E74870F2C2B3100427636 /* GHSlowTest.m in Sources */,
				005FDD220F33D259006B369F /* GTMSenTestCase.m in Sources */,
				005FDD390F33D373006B369F /* GHGTMTestCaseTest.m in Sources */,
				00CDDCC10F75D6970089C60E /* GHRegisterTestCaseClassTest.m in Sources */,
				00CDDCE00F76F7730089C60E /* GHSpecialTestCase.m in Sources */,
				00CDDD300F76FABD0089C60E /* GHUnitTestMain.m in Sources */,
				00DCB7DC0FA4F1300022DA5A /* GHMockNSURLConnectionTest.m in Sources */,
				00DCB7DD0FA4F1300022DA5A /* GHNSLocaleMockTest.m in Sources */,
				00DCBB060FA523EC0022DA5A /* GHAsyncTestCaseTest.m in Sources */,
				0091B12B100EEE9B000B8C77 /* GHTestFail.m in Sources */,
				0016AEC91012A11B009F4F8F /* GHTestOnMainThread.m in Sources */,
				00A22E7E102214FA00337F7B /* GHTestMacrosTest.m in Sources */,
				00D54C9A10E5AF5F00EE05E3 /* GHTestLogTest.m in Sources */,
			);
			runOnlyForDeploymentPostprocessing = 0;
		};
		8DC2EF540486A6940098B216 /* Sources */ = {
			isa = PBXSourcesBuildPhase;
			buildActionMask = 2147483647;
			files = (
				002D9C0B0F49158F007932FE /* GHTest.m in Sources */,
				002D9C0D0F49158F007932FE /* GHTestCase.m in Sources */,
				002D9C0F0F49158F007932FE /* GHTestGroup.m in Sources */,
				002D9C130F49158F007932FE /* GHTestRunner.m in Sources */,
				002D9C150F49158F007932FE /* GHTestSuite.m in Sources */,
				002D9C170F49158F007932FE /* GHTesting.m in Sources */,
				002D9C1A0F49158F007932FE /* GHTestViewModel.m in Sources */,
				002D9C1C0F49158F007932FE /* GHTestApp.m in Sources */,
				002D9C220F49158F007932FE /* GHTestViewController.m in Sources */,
				002D9C250F49158F007932FE /* GHTestWindowController.m in Sources */,
				002D9C290F49158F007932FE /* GHNSInvocation+Utils.m in Sources */,
				002D9C2B0F49158F007932FE /* GHNSObject+Invocation.m in Sources */,
				002D9C300F49158F007932FE /* GTMObjC2Runtime.m in Sources */,
				002D9C320F49158F007932FE /* GTMStackTrace.m in Sources */,
				00772F8D0F8D7A6400586577 /* GHAsyncTestCase.m in Sources */,
				003676950F8E95CF0042FAF7 /* GHMockNSURLConnection.m in Sources */,
				003676990F8E976A0042FAF7 /* GHMockNSHTTPURLResponse.m in Sources */,
				0020570D0F945D2700FC1898 /* GHNSLocale+Mock.m in Sources */,
				002058520F9467F900FC1898 /* GHUNSObject+Swizzle.m in Sources */,
				00A9540B0FDC7539006A80A6 /* GHNSInvocationProxy.m in Sources */,
				0052DE950FFEDC3800EDB178 /* BWSplitView.m in Sources */,
				0052DEBB0FFEDC8300EDB178 /* NSColor+BWAdditions.m in Sources */,
				0052DEBE0FFEDC8300EDB178 /* NSEvent+BWAdditions.m in Sources */,
				00CDDBC51011576E00F5C4D5 /* GHTestOutlineViewModel.m in Sources */,
				00B7BC5F10796C490005897B /* NSException+GHTestFailureExceptions.m in Sources */,
				00B7BC6110796C490005897B /* NSValue+GHValueFormatter.m in Sources */,
				00D54B3710E4B88E00EE05E3 /* BWHyperlinkButton.m in Sources */,
				00D54B3910E4B88E00EE05E3 /* BWHyperlinkButtonCell.m in Sources */,
			);
			runOnlyForDeploymentPostprocessing = 0;
		};
/* End PBXSourcesBuildPhase section */

/* Begin PBXTargetDependency section */
		002E73C60F2C21AE00427636 /* PBXTargetDependency */ = {
			isa = PBXTargetDependency;
			target = 8DC2EF4F0486A6940098B216 /* GHUnit */;
			targetProxy = 002E73C50F2C21AE00427636 /* PBXContainerItemProxy */;
		};
/* End PBXTargetDependency section */

/* Begin PBXVariantGroup section */
		089C1666FE841158C02AAC07 /* InfoPlist.strings */ = {
			isa = PBXVariantGroup;
			children = (
				089C1667FE841158C02AAC07 /* English */,
			);
			name = InfoPlist.strings;
			sourceTree = "<group>";
		};
/* End PBXVariantGroup section */

/* Begin XCBuildConfiguration section */
		002E73B90F2C213800427636 /* Debug */ = {
			isa = XCBuildConfiguration;
			buildSettings = {
				ALWAYS_SEARCH_USER_PATHS = NO;
				ARCHS = "$(ARCHS_STANDARD_32_64_BIT)";
				COPY_PHASE_STRIP = NO;
				FRAMEWORK_SEARCH_PATHS = (
					"$(inherited)",
					"\"$(SRCROOT)/../Frameworks\"",
					"\"$(DEVELOPER_FRAMEWORKS_DIR)\"",
				);
				GCC_DYNAMIC_NO_PIC = NO;
				GCC_ENABLE_FIX_AND_CONTINUE = YES;
				GCC_MODEL_TUNING = G5;
				GCC_OPTIMIZATION_LEVEL = 0;
				GCC_PRECOMPILE_PREFIX_HEADER = YES;
				GCC_PREFIX_HEADER = Tests_Prefix.pch;
				GCC_PREPROCESSOR_DEFINITIONS = "DEBUG=1";
				GTM_CONFIGURATION_GCC_PREPROCESSOR_DEFINITIONS = "_GLIBCXX_DEBUG_PEDANTIC _GLIBCXX_DEBUG _GLIBCPP_CONCEPT_CHECKS";
				INFOPLIST_FILE = "Tests-Info.plist";
				INSTALL_PATH = "$(HOME)/Applications";
				OTHER_LDFLAGS = (
					"-framework",
					Foundation,
					"-framework",
					AppKit,
				);
				PREBINDING = NO;
				PRODUCT_NAME = Tests;
			};
			name = Debug;
		};
		002E73BA0F2C213800427636 /* Release */ = {
			isa = XCBuildConfiguration;
			buildSettings = {
				ALWAYS_SEARCH_USER_PATHS = NO;
				ARCHS = "$(ARCHS_STANDARD_32_64_BIT)";
				COPY_PHASE_STRIP = YES;
				DEBUG_INFORMATION_FORMAT = "dwarf-with-dsym";
				FRAMEWORK_SEARCH_PATHS = (
					"$(inherited)",
					"\"$(SRCROOT)/../Frameworks\"",
					"\"$(DEVELOPER_FRAMEWORKS_DIR)\"",
				);
				GCC_ENABLE_FIX_AND_CONTINUE = NO;
				GCC_MODEL_TUNING = G5;
				GCC_PRECOMPILE_PREFIX_HEADER = YES;
				GCC_PREFIX_HEADER = Tests_Prefix.pch;
				INFOPLIST_FILE = "Tests-Info.plist";
				INSTALL_PATH = "$(HOME)/Applications";
				LD_RUNPATH_SEARCH_PATHS = "@loader_path/../Frameworks";
				OTHER_LDFLAGS = (
					"-framework",
					Foundation,
					"-framework",
					AppKit,
				);
				PREBINDING = NO;
				PRODUCT_NAME = Tests;
				ZERO_LINK = NO;
			};
			name = Release;
		};
		1DEB91AE08733DA50010E9CD /* Debug */ = {
			isa = XCBuildConfiguration;
			baseConfigurationReference = 006307900F8E760800C9602A /* Shared.xcconfig */;
			buildSettings = {
				ALWAYS_SEARCH_USER_PATHS = NO;
				ARCHS = "$(ARCHS_STANDARD_32_64_BIT)";
				COPY_PHASE_STRIP = NO;
				CURRENT_PROJECT_VERSION = "$(GHUNIT_VERSION)";
				DYLIB_COMPATIBILITY_VERSION = 0;
				DYLIB_CURRENT_VERSION = "$(GHUNIT_VERSION)";
				FRAMEWORK_SEARCH_PATHS = (
					"$(inherited)",
					"\"$(SRCROOT)/../Libraries-MacOSX\"",
				);
				FRAMEWORK_VERSION = A;
				GCC_DYNAMIC_NO_PIC = NO;
				GCC_ENABLE_FIX_AND_CONTINUE = YES;
				GCC_ENABLE_OBJC_GC = supported;
				GCC_MODEL_TUNING = G5;
				GCC_OPTIMIZATION_LEVEL = 0;
				GCC_PRECOMPILE_PREFIX_HEADER = YES;
				GCC_PREFIX_HEADER = GHUnit_Prefix.pch;
				GCC_PREPROCESSOR_DEFINITIONS = "DEBUG=1";
				GTM_CONFIGURATION_GCC_PREPROCESSOR_DEFINITIONS = "_GLIBCXX_DEBUG_PEDANTIC _GLIBCXX_DEBUG _GLIBCPP_CONCEPT_CHECKS";
				INFOPLIST_FILE = Info.plist;
				INSTALL_PATH = "@rpath";
				LD_RUNPATH_SEARCH_PATHS = "@loader_path/../Frameworks";
				PRODUCT_NAME = GHUnit;
				VERSION_INFO_EXPORT_DECL = GHUNIT_VERSION;
				WRAPPER_EXTENSION = framework;
			};
			name = Debug;
		};
		1DEB91AF08733DA50010E9CD /* Release */ = {
			isa = XCBuildConfiguration;
			baseConfigurationReference = 006307900F8E760800C9602A /* Shared.xcconfig */;
			buildSettings = {
				ALWAYS_SEARCH_USER_PATHS = NO;
				ARCHS = "$(ARCHS_STANDARD_32_64_BIT)";
				DEBUG_INFORMATION_FORMAT = "dwarf-with-dsym";
				DYLIB_COMPATIBILITY_VERSION = 0;
				DYLIB_CURRENT_VERSION = "$(GHUNIT_VERSION)";
				FRAMEWORK_SEARCH_PATHS = (
					"$(inherited)",
					"\"$(SRCROOT)/../Libraries-MacOSX\"",
				);
				FRAMEWORK_VERSION = A;
				GCC_ENABLE_OBJC_GC = supported;
				GCC_MODEL_TUNING = G5;
				GCC_PRECOMPILE_PREFIX_HEADER = YES;
				GCC_PREFIX_HEADER = GHUnit_Prefix.pch;
				INFOPLIST_FILE = Info.plist;
				INSTALL_PATH = "@rpath";
				LD_RUNPATH_SEARCH_PATHS = "@loader_path/../Frameworks";
				PRODUCT_NAME = GHUnit;
				WRAPPER_EXTENSION = framework;
			};
			name = Release;
		};
		1DEB91B208733DA50010E9CD /* Debug */ = {
			isa = XCBuildConfiguration;
			buildSettings = {
				ARCHS = "$(ARCHS_STANDARD_32_BIT)";
				GCC_C_LANGUAGE_STANDARD = c99;
				GCC_OPTIMIZATION_LEVEL = 0;
				GCC_WARN_ABOUT_RETURN_TYPE = YES;
				GCC_WARN_UNUSED_VARIABLE = YES;
				ONLY_ACTIVE_ARCH = YES;
				PREBINDING = NO;
				SDKROOT = macosx10.5;
			};
			name = Debug;
		};
		1DEB91B308733DA50010E9CD /* Release */ = {
			isa = XCBuildConfiguration;
			buildSettings = {
				ARCHS = "$(ARCHS_STANDARD_32_BIT)";
				GCC_C_LANGUAGE_STANDARD = c99;
				GCC_WARN_ABOUT_RETURN_TYPE = YES;
				GCC_WARN_UNUSED_VARIABLE = YES;
				PREBINDING = NO;
				SDKROOT = macosx10.5;
			};
			name = Release;
		};
/* End XCBuildConfiguration section */

/* Begin XCConfigurationList section */
		002E73BB0F2C213800427636 /* Build configuration list for PBXNativeTarget "Tests" */ = {
			isa = XCConfigurationList;
			buildConfigurations = (
				002E73B90F2C213800427636 /* Debug */,
				002E73BA0F2C213800427636 /* Release */,
			);
			defaultConfigurationIsVisible = 0;
			defaultConfigurationName = Release;
		};
		1DEB91AD08733DA50010E9CD /* Build configuration list for PBXNativeTarget "GHUnit" */ = {
			isa = XCConfigurationList;
			buildConfigurations = (
				1DEB91AE08733DA50010E9CD /* Debug */,
				1DEB91AF08733DA50010E9CD /* Release */,
			);
			defaultConfigurationIsVisible = 0;
			defaultConfigurationName = Release;
		};
		1DEB91B108733DA50010E9CD /* Build configuration list for PBXProject "GHUnit" */ = {
			isa = XCConfigurationList;
			buildConfigurations = (
				1DEB91B208733DA50010E9CD /* Debug */,
				1DEB91B308733DA50010E9CD /* Release */,
			);
			defaultConfigurationIsVisible = 0;
			defaultConfigurationName = Release;
		};
/* End XCConfigurationList section */
	};
	rootObject = 0867D690FE84028FC02AAC07 /* Project object */;
}
